# THIS IS AN AUTOGENERATED FILE. DO NOT EDIT THIS FILE DIRECTLY.
# yarn lockfile v1


create-react-class@^15.6.3:
  version "15.7.0"
  resolved "https://registry.yarnpkg.com/create-react-class/-/create-react-class-15.7.0.tgz#7499d7ca2e69bb51d13faf59bd04f0c65a1d6c1e"
  integrity sha512-QZv4sFWG9S5RUvkTYWbflxeZX+JG7Cz0Tn33rQBJ+WFQTqTfUTjMjiv9tnfXazjsO5r0KhPs+AqCjyrQX6h2ng==
  dependencies:
    loose-envify "^1.3.1"
    object-assign "^4.1.1"

d3-react@^1.0.4:
  version "1.0.4"
  resolved "https://registry.yarnpkg.com/d3-react/-/d3-react-1.0.4.tgz#ab8ccc1d879c9f77e29b033a44f7854455e520fc"
  integrity sha512-nLgQru+hL/Hl3UUQmFEdervHGkZLepilkc8WaqZ3zoOk0cLCFlQtlre6VkO07wQDmJ1FD3xTy/WMhPE/BbAZqg==

hoist-non-react-statics@^3.3.0:
  version "3.3.2"
  resolved "https://registry.yarnpkg.com/hoist-non-react-statics/-/hoist-non-react-statics-3.3.2.tgz#ece0acaf71d62c2969c2ec59feff42a4b1a85b45"
  integrity sha512-/gGivxi8JPKWNm/W0jSmzcMPpfpPLc3dY/6GxhX2hQ9iGj3aDfklV4ET7NjKpSinLpJ5vafa9iiGIEZg10SfBw==
  dependencies:
    react-is "^16.7.0"

"js-tokens@^3.0.0 || ^4.0.0":
  version "4.0.0"
  resolved "https://registry.yarnpkg.com/js-tokens/-/js-tokens-4.0.0.tgz#19203fb59991df98e3a287050d4647cdeaf32499"
  integrity sha512-RdJUflcE3cUzKiMqQgsCu06FPu9UdIJO0beYbPhHN4k6apgJtifcoCtT9bcxOpYBtpD2kCM6Sbzg4CausW/PKQ==

loose-envify@^1.3.1:
  version "1.4.0"
  resolved "https://registry.yarnpkg.com/loose-envify/-/loose-envify-1.4.0.tgz#71ee51fa7be4caec1a63839f7e682d8132d30caf"
  integrity sha512-lyuxPGr/Wfhrlem2CL/UcnUc1zcqKAImBDzukY7Y5F/yQiNdko6+fRLevlw1HgMySw7f611UIY408EtxRSoK3Q==
  dependencies:
    js-tokens "^3.0.0 || ^4.0.0"

object-assign@^4.1.1:
  version "4.1.1"
  resolved "https://registry.yarnpkg.com/object-assign/-/object-assign-4.1.1.tgz#2109adc7965887cfc05cbbd442cac8bfbb360863"
  integrity sha512-rJgTQnkUnH1sFw8yT6VSU3zD3sWmu6sZhIseY8VX+GRu3P6F7Fu+JNDoXfklElbLJSnc3FUQHVe4cU5hj+BcUg==

query-selector@^1.0.9:
  version "1.0.9"
  resolved "https://registry.yarnpkg.com/query-selector/-/query-selector-1.0.9.tgz#917fd31b7379b53fd441e536af647552e01e7e9e"
  integrity sha512-IzUgkI5G+b2W6JQpTwHy9IlVr49fPACC9nPLAq26DnLHVzdJJPWfgNsRRMA974MSKyr6tEYemxBcPxdwBXQqAQ==

react-faux-dom@^4.5.0:
  version "4.5.0"
  resolved "https://registry.yarnpkg.com/react-faux-dom/-/react-faux-dom-4.5.0.tgz#3fbe3e4c17b48c3be7031d032e4e648e2e471add"
  integrity sha512-T03fyZw/He4EYPqQpK5KJ9BQXNNMMgUo5DiwWkFG5wlpMDuiiYc4Q8WfeODjl3g2S2OBqy3+0VUr44sZkqz2Sw==
  dependencies:
    create-react-class "^15.6.3"
    hoist-non-react-statics "^3.3.0"
    query-selector "^1.0.9"
    style-attr "^1.0.1"

react-is@^16.7.0:
  version "16.13.1"
  resolved "https://registry.yarnpkg.com/react-is/-/react-is-16.13.1.tgz#789729a4dc36de2999dc156dd6c1d9c18cea56a4"
  integrity sha512-24e6ynE2H+OKt4kqsOvNd8kBpV65zoxbA4BVsEOB3ARVWQki/DHzaUoC5KuON/BiccDaCCTZBuOcfZs70kR8bQ==

style-attr@^1.0.1:
  version "1.3.0"
  resolved "https://registry.yarnpkg.com/style-attr/-/style-attr-1.3.0.tgz#2c1997a4865e25d7dbcb216be0ad715f005b9b17"
  integrity sha512-srFr54gzEZoy73WgYfnbxCAtNCzF0Hn5RGzK7gi/0G6ttZd9v3WZFGY4ed5ABr43dbGjPNr4T46geUxxUP9i6w==
